version = 1
revision = 3
requires-python = ">=3.14"

[[package]]
name = "attrs"
version = "26.1.0"
source = { registry = "https://pypi.org/simple" }
sdist = { url = "https://files.pythonhosted.org/packages/9a/8e/82a0fe20a541c03148528be8cac2408564a6c9a0cc7e9171802bc1d26985/attrs-26.1.0.tar.gz", hash = "sha256:d03ceb89cb322a8fd706d4fb91940737b6642aa36998fe130a9bc96c985eff32", size = 952055, upload-time = "2026-03-19T14:22:25.026Z" }
wheels = [
    { url = "https://files.pythonhosted.org/packages/64/b4/17d4b0b2a2dc85a6df63d1157e028ed19f90d4cd97c36717afef2bc2f395/attrs-26.1.0-py3-none-any.whl", hash = "sha256:c647aa4a12dfbad9333ca4e71fe62ddc36f4e63b2d260a37a8b83d2f043ac309", size = 67548, upload-time = "2026-03-19T14:22:23.645Z" },
]

[[package]]
name = "cyclopts"
version = "4.11.0"
source = { registry = "https://pypi.org/simple" }
dependencies = [
    { name = "attrs" },
    { name = "docstring-parser" },
    { name = "rich" },
    { name = "rich-rst" },
]
sdist = { url = "https://files.pythonhosted.org/packages/f9/fa/eff8f1abae783bade9b5e9bafafd0040d4dbf51988f9384bfdc0326ba1fc/cyclopts-4.11.0.tar.gz", hash = "sha256:1ffcb9990dbd56b90da19980d31596de9e99019980a215a5d76cf88fe452e94d", size = 170690, upload-time = "2026-04-23T00:23:36.858Z" }
wheels = [
    { url = "https://files.pythonhosted.org/packages/7c/37/197db187c260d24d4be1f09d427f59f3fb9a89bcf1354e23865c7bff7607/cyclopts-4.11.0-py3-none-any.whl", hash = "sha256:34318e3823b44b5baa754a5e37ec70a5c17dc81c65e4295ed70e17bc1aeae50d", size = 208494, upload-time = "2026-04-23T00:23:34.948Z" },
]

[[package]]
name = "docstring-parser"
version = "0.18.0"
source = { registry = "https://pypi.org/simple" }
sdist = { url = "https://files.pythonhosted.org/packages/e0/4d/f332313098c1de1b2d2ff91cf2674415cc7cddab2ca1b01ae29774bd5fdf/docstring_parser-0.18.0.tar.gz", hash = "sha256:292510982205c12b1248696f44959db3cdd1740237a968ea1e2e7a900eeb2015", size = 29341, upload-time = "2026-04-14T04:09:19.867Z" }
wheels = [
    { url = "https://files.pythonhosted.org/packages/a7/5f/ed01f9a3cdffbd5a008556fc7b2a08ddb1cc6ace7effa7340604b1d16699/docstring_parser-0.18.0-py3-none-any.whl", hash = "sha256:b3fcbed555c47d8479be0796ef7e19c2670d428d72e96da63f3a40122860374b", size = 22484, upload-time = "2026-04-14T04:09:18.638Z" },
]

[[package]]
name = "docutils"
version = "0.22.4"
source = { registry = "https://pypi.org/simple" }
sdist = { url = "https://files.pythonhosted.org/packages/ae/b6/03bb70946330e88ffec97aefd3ea75ba575cb2e762061e0e62a213befee8/docutils-0.22.4.tar.gz", hash = "sha256:4db53b1fde9abecbb74d91230d32ab626d94f6badfc575d6db9194a49df29968", size = 2291750, upload-time = "2025-12-18T19:00:26.443Z" }
wheels = [
    { url = "https://files.pythonhosted.org/packages/02/10/5da547df7a391dcde17f59520a231527b8571e6f46fc8efb02ccb370ab12/docutils-0.22.4-py3-none-any.whl", hash = "sha256:d0013f540772d1420576855455d050a2180186c91c15779301ac2ccb3eeb68de", size = 633196, upload-time = "2025-12-18T19:00:18.077Z" },
]

[[package]]
name = "lx-tools"
version = "0.0.1"
source = { editable = "." }
dependencies = [
    { name = "cyclopts" },
    { name = "orjson" },
]

[package.metadata]
requires-dist = [
    { name = "cyclopts", specifier = ">=4.11.0" },
    { name = "orjson", specifier = ">=3.11.8" },
]

[[package]]
name = "markdown-it-py"
version = "4.0.0"
source = { registry = "https://pypi.org/simple" }
dependencies = [
    { name = "mdurl" },
]
sdist = { url = "https://files.pythonhosted.org/packages/5b/f5/4ec618ed16cc4f8fb3b701563655a69816155e79e24a17b651541804721d/markdown_it_py-4.0.0.tar.gz", hash = "sha256:cb0a2b4aa34f932c007117b194e945bd74e0ec24133ceb5bac59009cda1cb9f3", size = 73070, upload-time = "2025-08-11T12:57:52.854Z" }
wheels = [
    { url = "https://files.pythonhosted.org/packages/94/54/e7d793b573f298e1c9013b8c4dade17d481164aa517d1d7148619c2cedbf/markdown_it_py-4.0.0-py3-none-any.whl", hash = "sha256:87327c59b172c5011896038353a81343b6754500a08cd7a4973bb48c6d578147", size = 87321, upload-time = "2025-08-11T12:57:51.923Z" },
]

[[package]]
name = "mdurl"
version = "0.1.2"
source = { registry = "https://pypi.org/simple" }
sdist = { url = "https://files.pythonhosted.org/packages/d6/54/cfe61301667036ec958cb99bd3efefba235e65cdeb9c84d24a8293ba1d90/mdurl-0.1.2.tar.gz", hash = "sha256:bb413d29f5eea38f31dd4754dd7377d4465116fb207585f97bf925588687c1ba", size = 8729, upload-time = "2022-08-14T12:40:10.846Z" }
wheels = [
    { url = "https://files.pythonhosted.org/packages/b3/38/89ba8ad64ae25be8de66a6d463314cf1eb366222074cfda9ee839c56a4b4/mdurl-0.1.2-py3-none-any.whl", hash = "sha256:84008a41e51615a49fc9966191ff91509e3c40b939176e643fd50a5c2196b8f8", size = 9979, upload-time = "2022-08-14T12:40:09.779Z" },
]

[[package]]
name = "orjson"
version = "3.11.8"
source = { registry = "https://pypi.org/simple" }
sdist = { url = "https://files.pythonhosted.org/packages/9d/1b/2024d06792d0779f9dbc51531b61c24f76c75b9f4ce05e6f3377a1814cea/orjson-3.11.8.tar.gz", hash = "sha256:96163d9cdc5a202703e9ad1b9ae757d5f0ca62f4fa0cc93d1f27b0e180cc404e", size = 5603832, upload-time = "2026-03-31T16:16:27.878Z" }
wheels = [
    { url = "https://files.pythonhosted.org/packages/6d/35/b01910c3d6b85dc882442afe5060cbf719c7d1fc85749294beda23d17873/orjson-3.11.8-cp314-cp314-macosx_10_15_x86_64.macosx_11_0_arm64.macosx_10_15_universal2.whl", hash = "sha256:ec795530a73c269a55130498842aaa762e4a939f6ce481a7e986eeaa790e9da4", size = 229171, upload-time = "2026-03-31T16:16:00.651Z" },
    { url = "https://files.pythonhosted.org/packages/c2/56/c9ec97bd11240abef39b9e5d99a15462809c45f677420fd148a6c5e6295e/orjson-3.11.8-cp314-cp314-macosx_15_0_arm64.whl", hash = "sha256:c492a0e011c0f9066e9ceaa896fbc5b068c54d365fea5f3444b697ee01bc8625", size = 128746, upload-time = "2026-03-31T16:16:02.673Z" },
    { url = "https://files.pythonhosted.org/packages/3b/e4/66d4f30a90de45e2f0cbd9623588e8ae71eef7679dbe2ae954ed6d66a41f/orjson-3.11.8-cp314-cp314-manylinux_2_17_aarch64.manylinux2014_aarch64.whl", hash = "sha256:883206d55b1bd5f5679ad5e6ddd3d1a5e3cac5190482927fdb8c78fb699193b5", size = 131867, upload-time = "2026-03-31T16:16:04.342Z" },
    { url = "https://files.pythonhosted.org/packages/19/30/2a645fc9286b928675e43fa2a3a16fb7b6764aa78cc719dc82141e00f30b/orjson-3.11.8-cp314-cp314-manylinux_2_17_armv7l.manylinux2014_armv7l.whl", hash = "sha256:5774c1fdcc98b2259800b683b19599c133baeb11d60033e2095fd9d4667b82db", size = 124664, upload-time = "2026-03-31T16:16:05.837Z" },
    { url = "https://files.pythonhosted.org/packages/db/44/77b9a86d84a28d52ba3316d77737f6514e17118119ade3f91b639e859029/orjson-3.11.8-cp314-cp314-manylinux_2_17_i686.manylinux2014_i686.whl", hash = "sha256:8ac7381c83dd3d4a6347e6635950aa448f54e7b8406a27c7ecb4a37e9f1ae08b", size = 129701, upload-time = "2026-03-31T16:16:07.407Z" },
    { url = "https://files.pythonhosted.org/packages/b3/ea/eff3d9bfe47e9bc6969c9181c58d9f71237f923f9c86a2d2f490cd898c82/orjson-3.11.8-cp314-cp314-manylinux_2_17_ppc64le.manylinux2014_ppc64le.whl", hash = "sha256:14439063aebcb92401c11afc68ee4e407258d2752e62d748b6942dad20d2a70d", size = 141202, upload-time = "2026-03-31T16:16:09.48Z" },
    { url = "https://files.pythonhosted.org/packages/52/c8/90d4b4c60c84d62068d0cf9e4d8f0a4e05e76971d133ac0c60d818d4db20/orjson-3.11.8-cp314-cp314-manylinux_2_17_s390x.manylinux2014_s390x.whl", hash = "sha256:fa72e71977bff96567b0f500fc5bfd2fdf915f34052c782a4c6ebbdaa97aa858", size = 127194, upload-time = "2026-03-31T16:16:11.02Z" },
    { url = "https://files.pythonhosted.org/packages/8d/c7/ea9e08d1f0ba981adffb629811148b44774d935171e7b3d780ae43c4c254/orjson-3.11.8-cp314-cp314-manylinux_2_17_x86_64.manylinux2014_x86_64.whl", hash = "sha256:7679bc2f01bb0d219758f1a5f87bb7c8a81c0a186824a393b366876b4948e14f", size = 133639, upload-time = "2026-03-31T16:16:13.434Z" },
    { url = "https://files.pythonhosted.org/packages/6c/8c/ddbbfd6ba59453c8fc7fe1d0e5983895864e264c37481b2a791db635f046/orjson-3.11.8-cp314-cp314-musllinux_1_2_aarch64.whl", hash = "sha256:14f7b8fcb35ef403b42fa5ecfa4ed032332a91f3dc7368fbce4184d59e1eae0d", size = 141914, upload-time = "2026-03-31T16:16:14.955Z" },
    { url = "https://files.pythonhosted.org/packages/4e/31/dbfbefec9df060d34ef4962cd0afcb6fa7a9ec65884cb78f04a7859526c3/orjson-3.11.8-cp314-cp314-musllinux_1_2_armv7l.whl", hash = "sha256:c2bdf7b2facc80b5e34f48a2d557727d5c5c57a8a450de122ae81fa26a81c1bc", size = 423800, upload-time = "2026-03-31T16:16:16.594Z" },
    { url = "https://files.pythonhosted.org/packages/87/cf/f74e9ae9803d4ab46b163494adba636c6d7ea955af5cc23b8aaa94cfd528/orjson-3.11.8-cp314-cp314-musllinux_1_2_i686.whl", hash = "sha256:ccd7ba1b0605813a0715171d39ec4c314cb97a9c85893c2c5c0c3a3729df38bf", size = 147837, upload-time = "2026-03-31T16:16:18.585Z" },
    { url = "https://files.pythonhosted.org/packages/64/e6/9214f017b5db85e84e68602792f742e5dc5249e963503d1b356bee611e01/orjson-3.11.8-cp314-cp314-musllinux_1_2_x86_64.whl", hash = "sha256:cdbc8c9c02463fef4d3c53a9ba3336d05496ec8e1f1c53326a1e4acc11f5c600", size = 136441, upload-time = "2026-03-31T16:16:20.151Z" },
    { url = "https://files.pythonhosted.org/packages/24/dd/3590348818f58f837a75fb969b04cdf187ae197e14d60b5e5a794a38b79d/orjson-3.11.8-cp314-cp314-win32.whl", hash = "sha256:0b57f67710a8cd459e4e54eb96d5f77f3624eba0c661ba19a525807e42eccade", size = 131983, upload-time = "2026-03-31T16:16:21.823Z" },
    { url = "https://files.pythonhosted.org/packages/3f/0f/b6cb692116e05d058f31ceee819c70f097fa9167c82f67fabe7516289abc/orjson-3.11.8-cp314-cp314-win_amd64.whl", hash = "sha256:735e2262363dcbe05c35e3a8869898022af78f89dde9e256924dc02e99fe69ca", size = 127396, upload-time = "2026-03-31T16:16:23.685Z" },
    { url = "https://files.pythonhosted.org/packages/c0/d1/facb5b5051fabb0ef9d26c6544d87ef19a939a9a001198655d0d891062dd/orjson-3.11.8-cp314-cp314-win_arm64.whl", hash = "sha256:6ccdea2c213cf9f3d9490cbd5d427693c870753df41e6cb375bd79bcbafc8817", size = 127330, upload-time = "2026-03-31T16:16:25.496Z" },
]

[[package]]
name = "pygments"
version = "2.20.0"
source = { registry = "https://pypi.org/simple" }
sdist = { url = "https://files.pythonhosted.org/packages/c3/b2/bc9c9196916376152d655522fdcebac55e66de6603a76a02bca1b6414f6c/pygments-2.20.0.tar.gz", hash = "sha256:6757cd03768053ff99f3039c1a36d6c0aa0b263438fcab17520b30a303a82b5f", size = 4955991, upload-time = "2026-03-29T13:29:33.898Z" }
wheels = [
    { url = "https://files.pythonhosted.org/packages/f4/7e/a72dd26f3b0f4f2bf1dd8923c85f7ceb43172af56d63c7383eb62b332364/pygments-2.20.0-py3-none-any.whl", hash = "sha256:81a9e26dd42fd28a23a2d169d86d7ac03b46e2f8b59ed4698fb4785f946d0176", size = 1231151, upload-time = "2026-03-29T13:29:30.038Z" },
]

[[package]]
name = "rich"
version = "15.0.0"
source = { registry = "https://pypi.org/simple" }
dependencies = [
    { name = "markdown-it-py" },
    { name = "pygments" },
]
sdist = { url = "https://files.pythonhosted.org/packages/c0/8f/0722ca900cc807c13a6a0c696dacf35430f72e0ec571c4275d2371fca3e9/rich-15.0.0.tar.gz", hash = "sha256:edd07a4824c6b40189fb7ac9bc4c52536e9780fbbfbddf6f1e2502c31b068c36", size = 230680, upload-time = "2026-04-12T08:24:00.75Z" }
wheels = [
    { url = "https://files.pythonhosted.org/packages/82/3b/64d4899d73f91ba49a8c18a8ff3f0ea8f1c1d75481760df8c68ef5235bf5/rich-15.0.0-py3-none-any.whl", hash = "sha256:33bd4ef74232fb73fe9279a257718407f169c09b78a87ad3d296f548e27de0bb", size = 310654, upload-time = "2026-04-12T08:24:02.83Z" },
]

[[package]]
name = "rich-rst"
version = "1.3.2"
source = { registry = "https://pypi.org/simple" }
dependencies = [
    { name = "docutils" },
    { name = "rich" },
]
sdist = { url = "https://files.pythonhosted.org/packages/bc/6d/a506aaa4a9eaa945ed8ab2b7347859f53593864289853c5d6d62b77246e0/rich_rst-1.3.2.tar.gz", hash = "sha256:a1196fdddf1e364b02ec68a05e8ff8f6914fee10fbca2e6b6735f166bb0da8d4", size = 14936, upload-time = "2025-10-14T16:49:45.332Z" }
wheels = [
    { url = "https://files.pythonhosted.org/packages/13/2f/b4530fbf948867702d0a3f27de4a6aab1d156f406d72852ab902c4d04de9/rich_rst-1.3.2-py3-none-any.whl", hash = "sha256:a99b4907cbe118cf9d18b0b44de272efa61f15117c61e39ebdc431baf5df722a", size = 12567, upload-time = "2025-10-14T16:49:42.953Z" },
]
